// !$*UTF8*$!
{
	archiveVersion = 1;
	classes = {
	};
	objectVersion = 46;
	objects = {

/* Begin PBXBuildFile section */
		840C548F1ADFDCAF00F98F29 /* Images.xcassets in Resources */ = {isa = PBXBuildFile; fileRef = 840C548E1ADFDCAF00F98F29 /* Images.xcassets */; };
		8416B1CD1A1E016C00106879 /* AppDelegate.swift in Sources */ = {isa = PBXBuildFile; fileRef = 8416B1CC1A1E016C00106879 /* AppDelegate.swift */; };
		841D8FAD1A934A1D0087149A /* SettingsVC.swift in Sources */ = {isa = PBXBuildFile; fileRef = 841D8FAC1A934A1D0087149A /* SettingsVC.swift */; };
		841D8FAF1A934A700087149A /* ScanVC.swift in Sources */ = {isa = PBXBuildFile; fileRef = 841D8FAE1A934A700087149A /* ScanVC.swift */; };
		842A53FD1A2A92FB0031FF58 /* CloseEventSideBarVC.swift in Sources */ = {isa = PBXBuildFile; fileRef = 842A53FC1A2A92FB0031FF58 /* CloseEventSideBarVC.swift */; };
		842A53FF1A2A93C50031FF58 /* ArchiveEventSideBarVC.swift in Sources */ = {isa = PBXBuildFile; fileRef = 842A53FE1A2A93C50031FF58 /* ArchiveEventSideBarVC.swift */; };
		842A543A1A2DE0C20031FF58 /* Functions.swift in Sources */ = {isa = PBXBuildFile; fileRef = 842A54391A2DE0C20031FF58 /* Functions.swift */; };
		84444A1C1AF8D83800BDA347 /* white.jpg in Resources */ = {isa = PBXBuildFile; fileRef = 84444A1B1AF8D83800BDA347 /* white.jpg */; };
		84444A201AF9771B00BDA347 /* ToDo in Resources */ = {isa = PBXBuildFile; fileRef = 84444A1F1AF9771B00BDA347 /* ToDo */; };
		844E16D11ADFE0DD0057FAAD /* LaunchScreen.xib in Resources */ = {isa = PBXBuildFile; fileRef = 844E16D01ADFE0DD0057FAAD /* LaunchScreen.xib */; };
		8474D2F51A37064B00CE7AC8 /* cvGalleryCell.swift in Sources */ = {isa = PBXBuildFile; fileRef = 8474D2F41A37064B00CE7AC8 /* cvGalleryCell.swift */; };
		847B7F5D1AE55B270071901C /* SignupVC.swift in Sources */ = {isa = PBXBuildFile; fileRef = 847B7F5C1AE55B270071901C /* SignupVC.swift */; };
		848687B31B204D9C00A2C329 /* cvProfileCell.swift in Sources */ = {isa = PBXBuildFile; fileRef = 848687B21B204D9C00A2C329 /* cvProfileCell.swift */; };
		849C0E681A1F647800542AAA /* CloseEventVC.swift in Sources */ = {isa = PBXBuildFile; fileRef = 849C0E671A1F647800542AAA /* CloseEventVC.swift */; };
		849C0E6A1A1F64C200542AAA /* LoginVC.swift in Sources */ = {isa = PBXBuildFile; fileRef = 849C0E691A1F64C200542AAA /* LoginVC.swift */; };
		849C0E6C1A1F64FF00542AAA /* ProfileVC.swift in Sources */ = {isa = PBXBuildFile; fileRef = 849C0E6B1A1F64FF00542AAA /* ProfileVC.swift */; };
		849C0E6E1A1F651000542AAA /* GalleryVC.swift in Sources */ = {isa = PBXBuildFile; fileRef = 849C0E6D1A1F651000542AAA /* GalleryVC.swift */; };
		849C0E721A1F655B00542AAA /* EventVC.swift in Sources */ = {isa = PBXBuildFile; fileRef = 849C0E711A1F655B00542AAA /* EventVC.swift */; };
		849C0E741A1F659000542AAA /* GigFoundVC.swift in Sources */ = {isa = PBXBuildFile; fileRef = 849C0E731A1F659000542AAA /* GigFoundVC.swift */; };
		849C0E761A1F65C500542AAA /* AltEventVC.swift in Sources */ = {isa = PBXBuildFile; fileRef = 849C0E751A1F65C500542AAA /* AltEventVC.swift */; };
		849C0E781A1F65FB00542AAA /* EventSideBarVC.swift in Sources */ = {isa = PBXBuildFile; fileRef = 849C0E771A1F65FB00542AAA /* EventSideBarVC.swift */; };
		849C0E7A1A1F741900542AAA /* ArchiveEventVC.swift in Sources */ = {isa = PBXBuildFile; fileRef = 849C0E791A1F741900542AAA /* ArchiveEventVC.swift */; };
		849C0E7C1A1F777100542AAA /* ArchiveVC.swift in Sources */ = {isa = PBXBuildFile; fileRef = 849C0E7B1A1F777100542AAA /* ArchiveVC.swift */; };
		849C0E7E1A1F7B1900542AAA /* CloseEventDetailVC.swift in Sources */ = {isa = PBXBuildFile; fileRef = 849C0E7D1A1F7B1900542AAA /* CloseEventDetailVC.swift */; };
		849C0E811A237B5900542AAA /* OneShotLocationManager.swift in Sources */ = {isa = PBXBuildFile; fileRef = 849C0E7F1A237B5900542AAA /* OneShotLocationManager.swift */; };
		849C0E841A23828700542AAA /* MenuTBC.swift in Sources */ = {isa = PBXBuildFile; fileRef = 849C0E831A23828700542AAA /* MenuTBC.swift */; };
		849C4A461B2C61D7001F1A9A /* Artists.swift in Sources */ = {isa = PBXBuildFile; fileRef = 849C4A311B2C61D7001F1A9A /* Artists.swift */; };
		849C4A471B2C61D7001F1A9A /* BAAClient.m in Sources */ = {isa = PBXBuildFile; fileRef = 849C4A331B2C61D7001F1A9A /* BAAClient.m */; };
		849C4A481B2C61D7001F1A9A /* BAAFile.m in Sources */ = {isa = PBXBuildFile; fileRef = 849C4A351B2C61D7001F1A9A /* BAAFile.m */; };
		849C4A491B2C61D7001F1A9A /* BAAGlobals.m in Sources */ = {isa = PBXBuildFile; fileRef = 849C4A371B2C61D7001F1A9A /* BAAGlobals.m */; };
		849C4A4A1B2C61D7001F1A9A /* BAAMutableURLRequest.m in Sources */ = {isa = PBXBuildFile; fileRef = 849C4A391B2C61D7001F1A9A /* BAAMutableURLRequest.m */; };
		849C4A4B1B2C61D7001F1A9A /* BAAObject.m in Sources */ = {isa = PBXBuildFile; fileRef = 849C4A3B1B2C61D7001F1A9A /* BAAObject.m */; };
		849C4A4C1B2C61D7001F1A9A /* BaasBox.m in Sources */ = {isa = PBXBuildFile; fileRef = 849C4A3D1B2C61D7001F1A9A /* BaasBox.m */; };
		849C4A4D1B2C61D7001F1A9A /* BAAUser.m in Sources */ = {isa = PBXBuildFile; fileRef = 849C4A3F1B2C61D7001F1A9A /* BAAUser.m */; };
		849C4A4E1B2C61D7001F1A9A /* Comments.swift in Sources */ = {isa = PBXBuildFile; fileRef = 849C4A411B2C61D7001F1A9A /* Comments.swift */; };
		849C4A4F1B2C61D7001F1A9A /* Events.swift in Sources */ = {isa = PBXBuildFile; fileRef = 849C4A421B2C61D7001F1A9A /* Events.swift */; };
		849C4A501B2C61D7001F1A9A /* LinkedEventComments.swift in Sources */ = {isa = PBXBuildFile; fileRef = 849C4A431B2C61D7001F1A9A /* LinkedEventComments.swift */; };
		849C4A511B2C61D7001F1A9A /* LinkedVenueEvents.swift in Sources */ = {isa = PBXBuildFile; fileRef = 849C4A441B2C61D7001F1A9A /* LinkedVenueEvents.swift */; };
		849C4A521B2C61D7001F1A9A /* Venues.swift in Sources */ = {isa = PBXBuildFile; fileRef = 849C4A451B2C61D7001F1A9A /* Venues.swift */; };
		849C4A541B2C9221001F1A9A /* Default-568h@2x.png in Resources */ = {isa = PBXBuildFile; fileRef = 849C4A531B2C9221001F1A9A /* Default-568h@2x.png */; };
		84A46ED91A39AFCD00EDC940 /* AltEventContentVC.swift in Sources */ = {isa = PBXBuildFile; fileRef = 84A46ED81A39AFCD00EDC940 /* AltEventContentVC.swift */; };
		84A8DE9D1B0CA47400F93F21 /* cvArchiveEventCell.swift in Sources */ = {isa = PBXBuildFile; fileRef = 84A8DE9C1B0CA47400F93F21 /* cvArchiveEventCell.swift */; };
		84B240701AE9309D00BBDDFA /* cvEventGalleryCell.swift in Sources */ = {isa = PBXBuildFile; fileRef = 84B2406F1AE9309D00BBDDFA /* cvEventGalleryCell.swift */; };
		84B240721AEC308700BBDDFA /* SingleImageVC.swift in Sources */ = {isa = PBXBuildFile; fileRef = 84B240711AEC308700BBDDFA /* SingleImageVC.swift */; };
		84B5E38D1A24F50400F637DB /* FetchData.swift in Sources */ = {isa = PBXBuildFile; fileRef = 84B5E3881A24F50400F637DB /* FetchData.swift */; };
		84B5E3901A24F5AC00F637DB /* Globals.swift in Sources */ = {isa = PBXBuildFile; fileRef = 84B5E38F1A24F5AC00F637DB /* Globals.swift */; };
		84B5E3941A24F60100F637DB /* Bristol Academy.gpx in Resources */ = {isa = PBXBuildFile; fileRef = 84B5E3911A24F60100F637DB /* Bristol Academy.gpx */; };
		84B5E3951A24F60100F637DB /* The Fleece.gpx in Resources */ = {isa = PBXBuildFile; fileRef = 84B5E3921A24F60100F637DB /* The Fleece.gpx */; };
		84B5E3961A24F60100F637DB /* Islington Academy.gpx in Resources */ = {isa = PBXBuildFile; fileRef = 84B5E3931A24F60100F637DB /* Islington Academy.gpx */; };
		84C0BBDD1A2FBD9700398E45 /* MenuNC.swift in Sources */ = {isa = PBXBuildFile; fileRef = 84C0BBDC1A2FBD9700398E45 /* MenuNC.swift */; };
		84C0BBDF1A2FC7DB00398E45 /* GigNC.swift in Sources */ = {isa = PBXBuildFile; fileRef = 84C0BBDE1A2FC7DB00398E45 /* GigNC.swift */; };
		84C0BBE11A2FCA1F00398E45 /* Main.storyboard in Resources */ = {isa = PBXBuildFile; fileRef = 84C0BBE01A2FCA1F00398E45 /* Main.storyboard */; };
/* End PBXBuildFile section */

/* Begin PBXContainerItemProxy section */
		84FF29E81A32FC5E00D736A7 /* PBXContainerItemProxy */ = {
			isa = PBXContainerItemProxy;
			containerPortal = 8416B1BF1A1E016C00106879 /* Project object */;
			proxyType = 1;
			remoteGlobalIDString = 8416B1C61A1E016C00106879;
			remoteInfo = "Storyboard Test";
		};
/* End PBXContainerItemProxy section */

/* Begin PBXCopyFilesBuildPhase section */
		843BA5131B20A3D4002EA46A /* Embed Frameworks */ = {
			isa = PBXCopyFilesBuildPhase;
			buildActionMask = 2147483647;
			dstPath = "";
			dstSubfolderSpec = 10;
			files = (
			);
			name = "Embed Frameworks";
			runOnlyForDeploymentPostprocessing = 0;
		};
/* End PBXCopyFilesBuildPhase section */

/* Begin PBXFileReference section */
		840C548E1ADFDCAF00F98F29 /* Images.xcassets */ = {isa = PBXFileReference; lastKnownFileType = folder.assetcatalog; path = Images.xcassets; sourceTree = "<group>"; };
		8416B1C71A1E016C00106879 /* Avenue.app */ = {isa = PBXFileReference; explicitFileType = wrapper.application; includeInIndex = 0; path = Avenue.app; sourceTree = BUILT_PRODUCTS_DIR; };
		8416B1CB1A1E016C00106879 /* Info.plist */ = {isa = PBXFileReference; lastKnownFileType = text.plist.xml; path = Info.plist; sourceTree = "<group>"; };
		8416B1CC1A1E016C00106879 /* AppDelegate.swift */ = {isa = PBXFileReference; lastKnownFileType = sourcecode.swift; path = AppDelegate.swift; sourceTree = "<group>"; };
		8416B1DF1A1E016C00106879 /* AvenueTests.xctest */ = {isa = PBXFileReference; explicitFileType = wrapper.cfbundle; includeInIndex = 0; path = AvenueTests.xctest; sourceTree = BUILT_PRODUCTS_DIR; };
		841D8FAC1A934A1D0087149A /* SettingsVC.swift */ = {isa = PBXFileReference; fileEncoding = 4; lastKnownFileType = sourcecode.swift; path = SettingsVC.swift; sourceTree = "<group>"; };
		841D8FAE1A934A700087149A /* ScanVC.swift */ = {isa = PBXFileReference; fileEncoding = 4; lastKnownFileType = sourcecode.swift; path = ScanVC.swift; sourceTree = "<group>"; };
		842A53FC1A2A92FB0031FF58 /* CloseEventSideBarVC.swift */ = {isa = PBXFileReference; fileEncoding = 4; lastKnownFileType = sourcecode.swift; path = CloseEventSideBarVC.swift; sourceTree = "<group>"; };
		842A53FE1A2A93C50031FF58 /* ArchiveEventSideBarVC.swift */ = {isa = PBXFileReference; fileEncoding = 4; lastKnownFileType = sourcecode.swift; path = ArchiveEventSideBarVC.swift; sourceTree = "<group>"; };
		842A54391A2DE0C20031FF58 /* Functions.swift */ = {isa = PBXFileReference; fileEncoding = 4; lastKnownFileType = sourcecode.swift; path = Functions.swift; sourceTree = "<group>"; };
		84444A1B1AF8D83800BDA347 /* white.jpg */ = {isa = PBXFileReference; lastKnownFileType = image.jpeg; path = white.jpg; sourceTree = "<group>"; };
		84444A1F1AF9771B00BDA347 /* ToDo */ = {isa = PBXFileReference; fileEncoding = 4; lastKnownFileType = text; path = ToDo; sourceTree = "<group>"; };
		844E16D01ADFE0DD0057FAAD /* LaunchScreen.xib */ = {isa = PBXFileReference; fileEncoding = 4; lastKnownFileType = file.xib; path = LaunchScreen.xib; sourceTree = "<group>"; };
		8474D2F41A37064B00CE7AC8 /* cvGalleryCell.swift */ = {isa = PBXFileReference; fileEncoding = 4; lastKnownFileType = sourcecode.swift; path = cvGalleryCell.swift; sourceTree = "<group>"; };
		847B7F5C1AE55B270071901C /* SignupVC.swift */ = {isa = PBXFileReference; fileEncoding = 4; lastKnownFileType = sourcecode.swift; path = SignupVC.swift; sourceTree = "<group>"; };
		848687B21B204D9C00A2C329 /* cvProfileCell.swift */ = {isa = PBXFileReference; fileEncoding = 4; lastKnownFileType = sourcecode.swift; path = cvProfileCell.swift; sourceTree = "<group>"; };
		849C0E671A1F647800542AAA /* CloseEventVC.swift */ = {isa = PBXFileReference; fileEncoding = 4; lastKnownFileType = sourcecode.swift; path = CloseEventVC.swift; sourceTree = "<group>"; };
		849C0E691A1F64C200542AAA /* LoginVC.swift */ = {isa = PBXFileReference; fileEncoding = 4; lastKnownFileType = sourcecode.swift; path = LoginVC.swift; sourceTree = "<group>"; };
		849C0E6B1A1F64FF00542AAA /* ProfileVC.swift */ = {isa = PBXFileReference; fileEncoding = 4; lastKnownFileType = sourcecode.swift; path = ProfileVC.swift; sourceTree = "<group>"; };
		849C0E6D1A1F651000542AAA /* GalleryVC.swift */ = {isa = PBXFileReference; fileEncoding = 4; lastKnownFileType = sourcecode.swift; path = GalleryVC.swift; sourceTree = "<group>"; };
		849C0E711A1F655B00542AAA /* EventVC.swift */ = {isa = PBXFileReference; fileEncoding = 4; lastKnownFileType = sourcecode.swift; path = EventVC.swift; sourceTree = "<group>"; };
		849C0E731A1F659000542AAA /* GigFoundVC.swift */ = {isa = PBXFileReference; fileEncoding = 4; lastKnownFileType = sourcecode.swift; path = GigFoundVC.swift; sourceTree = "<group>"; };
		849C0E751A1F65C500542AAA /* AltEventVC.swift */ = {isa = PBXFileReference; fileEncoding = 4; lastKnownFileType = sourcecode.swift; path = AltEventVC.swift; sourceTree = "<group>"; };
		849C0E771A1F65FB00542AAA /* EventSideBarVC.swift */ = {isa = PBXFileReference; fileEncoding = 4; lastKnownFileType = sourcecode.swift; path = EventSideBarVC.swift; sourceTree = "<group>"; };
		849C0E791A1F741900542AAA /* ArchiveEventVC.swift */ = {isa = PBXFileReference; fileEncoding = 4; lastKnownFileType = sourcecode.swift; path = ArchiveEventVC.swift; sourceTree = "<group>"; };
		849C0E7B1A1F777100542AAA /* ArchiveVC.swift */ = {isa = PBXFileReference; fileEncoding = 4; lastKnownFileType = sourcecode.swift; path = ArchiveVC.swift; sourceTree = "<group>"; };
		849C0E7D1A1F7B1900542AAA /* CloseEventDetailVC.swift */ = {isa = PBXFileReference; fileEncoding = 4; lastKnownFileType = sourcecode.swift; path = CloseEventDetailVC.swift; sourceTree = "<group>"; };
		849C0E7F1A237B5900542AAA /* OneShotLocationManager.swift */ = {isa = PBXFileReference; fileEncoding = 4; lastKnownFileType = sourcecode.swift; path = OneShotLocationManager.swift; sourceTree = "<group>"; };
		849C0E831A23828700542AAA /* MenuTBC.swift */ = {isa = PBXFileReference; fileEncoding = 4; lastKnownFileType = sourcecode.swift; path = MenuTBC.swift; sourceTree = "<group>"; };
		849C4A311B2C61D7001F1A9A /* Artists.swift */ = {isa = PBXFileReference; fileEncoding = 4; lastKnownFileType = sourcecode.swift; path = Artists.swift; sourceTree = "<group>"; };
		849C4A321B2C61D7001F1A9A /* BAAClient.h */ = {isa = PBXFileReference; fileEncoding = 4; lastKnownFileType = sourcecode.c.h; path = BAAClient.h; sourceTree = "<group>"; };
		849C4A331B2C61D7001F1A9A /* BAAClient.m */ = {isa = PBXFileReference; fileEncoding = 4; lastKnownFileType = sourcecode.c.objc; path = BAAClient.m; sourceTree = "<group>"; };
		849C4A341B2C61D7001F1A9A /* BAAFile.h */ = {isa = PBXFileReference; fileEncoding = 4; lastKnownFileType = sourcecode.c.h; path = BAAFile.h; sourceTree = "<group>"; };
		849C4A351B2C61D7001F1A9A /* BAAFile.m */ = {isa = PBXFileReference; fileEncoding = 4; lastKnownFileType = sourcecode.c.objc; path = BAAFile.m; sourceTree = "<group>"; };
		849C4A361B2C61D7001F1A9A /* BAAGlobals.h */ = {isa = PBXFileReference; fileEncoding = 4; lastKnownFileType = sourcecode.c.h; path = BAAGlobals.h; sourceTree = "<group>"; };
		849C4A371B2C61D7001F1A9A /* BAAGlobals.m */ = {isa = PBXFileReference; fileEncoding = 4; lastKnownFileType = sourcecode.c.objc; path = BAAGlobals.m; sourceTree = "<group>"; };
		849C4A381B2C61D7001F1A9A /* BAAMutableURLRequest.h */ = {isa = PBXFileReference; fileEncoding = 4; lastKnownFileType = sourcecode.c.h; path = BAAMutableURLRequest.h; sourceTree = "<group>"; };
		849C4A391B2C61D7001F1A9A /* BAAMutableURLRequest.m */ = {isa = PBXFileReference; fileEncoding = 4; lastKnownFileType = sourcecode.c.objc; path = BAAMutableURLRequest.m; sourceTree = "<group>"; };
		849C4A3A1B2C61D7001F1A9A /* BAAObject.h */ = {isa = PBXFileReference; fileEncoding = 4; lastKnownFileType = sourcecode.c.h; path = BAAObject.h; sourceTree = "<group>"; };
		849C4A3B1B2C61D7001F1A9A /* BAAObject.m */ = {isa = PBXFileReference; fileEncoding = 4; lastKnownFileType = sourcecode.c.objc; path = BAAObject.m; sourceTree = "<group>"; };
		849C4A3C1B2C61D7001F1A9A /* BaasBox.h */ = {isa = PBXFileReference; fileEncoding = 4; lastKnownFileType = sourcecode.c.h; path = BaasBox.h; sourceTree = "<group>"; };
		849C4A3D1B2C61D7001F1A9A /* BaasBox.m */ = {isa = PBXFileReference; fileEncoding = 4; lastKnownFileType = sourcecode.c.objc; path = BaasBox.m; sourceTree = "<group>"; };
		849C4A3E1B2C61D7001F1A9A /* BAAUser.h */ = {isa = PBXFileReference; fileEncoding = 4; lastKnownFileType = sourcecode.c.h; path = BAAUser.h; sourceTree = "<group>"; };
		849C4A3F1B2C61D7001F1A9A /* BAAUser.m */ = {isa = PBXFileReference; fileEncoding = 4; lastKnownFileType = sourcecode.c.objc; path = BAAUser.m; sourceTree = "<group>"; };
		849C4A401B2C61D7001F1A9A /* Bridging-Header.h */ = {isa = PBXFileReference; fileEncoding = 4; lastKnownFileType = sourcecode.c.h; path = "Bridging-Header.h"; sourceTree = "<group>"; };
		849C4A411B2C61D7001F1A9A /* Comments.swift */ = {isa = PBXFileReference; fileEncoding = 4; lastKnownFileType = sourcecode.swift; path = Comments.swift; sourceTree = "<group>"; };
		849C4A421B2C61D7001F1A9A /* Events.swift */ = {isa = PBXFileReference; fileEncoding = 4; lastKnownFileType = sourcecode.swift; path = Events.swift; sourceTree = "<group>"; };
		849C4A431B2C61D7001F1A9A /* LinkedEventComments.swift */ = {isa = PBXFileReference; fileEncoding = 4; lastKnownFileType = sourcecode.swift; path = LinkedEventComments.swift; sourceTree = "<group>"; };
		849C4A441B2C61D7001F1A9A /* LinkedVenueEvents.swift */ = {isa = PBXFileReference; fileEncoding = 4; lastKnownFileType = sourcecode.swift; path = LinkedVenueEvents.swift; sourceTree = "<group>"; };
		849C4A451B2C61D7001F1A9A /* Venues.swift */ = {isa = PBXFileReference; fileEncoding = 4; lastKnownFileType = sourcecode.swift; path = Venues.swift; sourceTree = "<group>"; };
		849C4A531B2C9221001F1A9A /* Default-568h@2x.png */ = {isa = PBXFileReference; lastKnownFileType = image.png; path = "Default-568h@2x.png"; sourceTree = "<group>"; };
		84A46ED81A39AFCD00EDC940 /* AltEventContentVC.swift */ = {isa = PBXFileReference; fileEncoding = 4; lastKnownFileType = sourcecode.swift; path = AltEventContentVC.swift; sourceTree = "<group>"; };
		84A8DE9C1B0CA47400F93F21 /* cvArchiveEventCell.swift */ = {isa = PBXFileReference; fileEncoding = 4; lastKnownFileType = sourcecode.swift; path = cvArchiveEventCell.swift; sourceTree = "<group>"; };
		84B2406F1AE9309D00BBDDFA /* cvEventGalleryCell.swift */ = {isa = PBXFileReference; fileEncoding = 4; lastKnownFileType = sourcecode.swift; path = cvEventGalleryCell.swift; sourceTree = "<group>"; };
		84B240711AEC308700BBDDFA /* SingleImageVC.swift */ = {isa = PBXFileReference; fileEncoding = 4; lastKnownFileType = sourcecode.swift; path = SingleImageVC.swift; sourceTree = "<group>"; };
		84B5E3881A24F50400F637DB /* FetchData.swift */ = {isa = PBXFileReference; fileEncoding = 4; lastKnownFileType = sourcecode.swift; path = FetchData.swift; sourceTree = "<group>"; };
		84B5E38F1A24F5AC00F637DB /* Globals.swift */ = {isa = PBXFileReference; fileEncoding = 4; lastKnownFileType = sourcecode.swift; path = Globals.swift; sourceTree = "<group>"; };
		84B5E3911A24F60100F637DB /* Bristol Academy.gpx */ = {isa = PBXFileReference; fileEncoding = 4; lastKnownFileType = text.xml; path = "Bristol Academy.gpx"; sourceTree = "<group>"; };
		84B5E3921A24F60100F637DB /* The Fleece.gpx */ = {isa = PBXFileReference; fileEncoding = 4; lastKnownFileType = text.xml; path = "The Fleece.gpx"; sourceTree = "<group>"; };
		84B5E3931A24F60100F637DB /* Islington Academy.gpx */ = {isa = PBXFileReference; fileEncoding = 4; lastKnownFileType = text.xml; path = "Islington Academy.gpx"; sourceTree = "<group>"; };
		84C0BBDC1A2FBD9700398E45 /* MenuNC.swift */ = {isa = PBXFileReference; fileEncoding = 4; lastKnownFileType = sourcecode.swift; path = MenuNC.swift; sourceTree = "<group>"; };
		84C0BBDE1A2FC7DB00398E45 /* GigNC.swift */ = {isa = PBXFileReference; fileEncoding = 4; lastKnownFileType = sourcecode.swift; path = GigNC.swift; sourceTree = "<group>"; };
		84C0BBE01A2FCA1F00398E45 /* Main.storyboard */ = {isa = PBXFileReference; fileEncoding = 4; lastKnownFileType = file.storyboard; path = Main.storyboard; sourceTree = "<group>"; };
/* End PBXFileReference section */

/* Begin PBXFrameworksBuildPhase section */
		8416B1C41A1E016C00106879 /* Frameworks */ = {
			isa = PBXFrameworksBuildPhase;
			buildActionMask = 2147483647;
			files = (
			);
			runOnlyForDeploymentPostprocessing = 0;
		};
		8416B1DC1A1E016C00106879 /* Frameworks */ = {
			isa = PBXFrameworksBuildPhase;
			buildActionMask = 2147483647;
			files = (
			);
			runOnlyForDeploymentPostprocessing = 0;
		};
/* End PBXFrameworksBuildPhase section */

/* Begin PBXGroup section */
		8416B1BE1A1E016C00106879 = {
			isa = PBXGroup;
			children = (
				849C4A531B2C9221001F1A9A /* Default-568h@2x.png */,
				8416B1C91A1E016C00106879 /* Avenue */,
				8416B1C81A1E016C00106879 /* Products */,
			);
			sourceTree = "<group>";
		};
		8416B1C81A1E016C00106879 /* Products */ = {
			isa = PBXGroup;
			children = (
				8416B1C71A1E016C00106879 /* Avenue.app */,
				8416B1DF1A1E016C00106879 /* AvenueTests.xctest */,
			);
			name = Products;
			sourceTree = "<group>";
		};
		8416B1C91A1E016C00106879 /* Avenue */ = {
			isa = PBXGroup;
			children = (
				849C4A301B2C61D7001F1A9A /* BaasBox-iOS-SDK */,
				84B5E38F1A24F5AC00F637DB /* Globals.swift */,
				849C0E7F1A237B5900542AAA /* OneShotLocationManager.swift */,
				8416B1CC1A1E016C00106879 /* AppDelegate.swift */,
				84B5E3881A24F50400F637DB /* FetchData.swift */,
				842A54391A2DE0C20031FF58 /* Functions.swift */,
				840C548E1ADFDCAF00F98F29 /* Images.xcassets */,
				84444A1B1AF8D83800BDA347 /* white.jpg */,
				844E16D01ADFE0DD0057FAAD /* LaunchScreen.xib */,
				84C0BBE01A2FCA1F00398E45 /* Main.storyboard */,
				842A54351A2AC5DD0031FF58 /* View Controllers */,
				8416B1CA1A1E016C00106879 /* Supporting Files */,
				84444A1F1AF9771B00BDA347 /* ToDo */,
			);
			name = Avenue;
			path = "Storyboard Test";
			sourceTree = "<group>";
		};
		8416B1CA1A1E016C00106879 /* Supporting Files */ = {
			isa = PBXGroup;
			children = (
				84B5E3911A24F60100F637DB /* Bristol Academy.gpx */,
				84B5E3921A24F60100F637DB /* The Fleece.gpx */,
				84B5E3931A24F60100F637DB /* Islington Academy.gpx */,
				8416B1CB1A1E016C00106879 /* Info.plist */,
			);
			name = "Supporting Files";
			sourceTree = "<group>";
		};
		842A54351A2AC5DD0031FF58 /* View Controllers */ = {
			isa = PBXGroup;
			children = (
				849C0E671A1F647800542AAA /* CloseEventVC.swift */,
				849C0E7D1A1F7B1900542AAA /* CloseEventDetailVC.swift */,
				842A53FC1A2A92FB0031FF58 /* CloseEventSideBarVC.swift */,
				849C0E691A1F64C200542AAA /* LoginVC.swift */,
				849C0E6B1A1F64FF00542AAA /* ProfileVC.swift */,
				848687B21B204D9C00A2C329 /* cvProfileCell.swift */,
				849C0E6D1A1F651000542AAA /* GalleryVC.swift */,
				8474D2F41A37064B00CE7AC8 /* cvGalleryCell.swift */,
				84B240711AEC308700BBDDFA /* SingleImageVC.swift */,
				849C0E711A1F655B00542AAA /* EventVC.swift */,
				84B2406F1AE9309D00BBDDFA /* cvEventGalleryCell.swift */,
				849C0E771A1F65FB00542AAA /* EventSideBarVC.swift */,
				849C0E731A1F659000542AAA /* GigFoundVC.swift */,
				849C0E751A1F65C500542AAA /* AltEventVC.swift */,
				84A46ED81A39AFCD00EDC940 /* AltEventContentVC.swift */,
				849C0E7B1A1F777100542AAA /* ArchiveVC.swift */,
				849C0E791A1F741900542AAA /* ArchiveEventVC.swift */,
				84A8DE9C1B0CA47400F93F21 /* cvArchiveEventCell.swift */,
				842A53FE1A2A93C50031FF58 /* ArchiveEventSideBarVC.swift */,
				849C0E831A23828700542AAA /* MenuTBC.swift */,
				84C0BBDC1A2FBD9700398E45 /* MenuNC.swift */,
				84C0BBDE1A2FC7DB00398E45 /* GigNC.swift */,
				841D8FAC1A934A1D0087149A /* SettingsVC.swift */,
				841D8FAE1A934A700087149A /* ScanVC.swift */,
				847B7F5C1AE55B270071901C /* SignupVC.swift */,
			);
			name = "View Controllers";
			sourceTree = "<group>";
		};
		849C4A301B2C61D7001F1A9A /* BaasBox-iOS-SDK */ = {
			isa = PBXGroup;
			children = (
				849C4A311B2C61D7001F1A9A /* Artists.swift */,
				849C4A321B2C61D7001F1A9A /* BAAClient.h */,
				849C4A331B2C61D7001F1A9A /* BAAClient.m */,
				849C4A341B2C61D7001F1A9A /* BAAFile.h */,
				849C4A351B2C61D7001F1A9A /* BAAFile.m */,
				849C4A361B2C61D7001F1A9A /* BAAGlobals.h */,
				849C4A371B2C61D7001F1A9A /* BAAGlobals.m */,
				849C4A381B2C61D7001F1A9A /* BAAMutableURLRequest.h */,
				849C4A391B2C61D7001F1A9A /* BAAMutableURLRequest.m */,
				849C4A3A1B2C61D7001F1A9A /* BAAObject.h */,
				849C4A3B1B2C61D7001F1A9A /* BAAObject.m */,
				849C4A3C1B2C61D7001F1A9A /* BaasBox.h */,
				849C4A3D1B2C61D7001F1A9A /* BaasBox.m */,
				849C4A3E1B2C61D7001F1A9A /* BAAUser.h */,
				849C4A3F1B2C61D7001F1A9A /* BAAUser.m */,
				849C4A401B2C61D7001F1A9A /* Bridging-Header.h */,
				849C4A411B2C61D7001F1A9A /* Comments.swift */,
				849C4A421B2C61D7001F1A9A /* Events.swift */,
				849C4A431B2C61D7001F1A9A /* LinkedEventComments.swift */,
				849C4A441B2C61D7001F1A9A /* LinkedVenueEvents.swift */,
				849C4A451B2C61D7001F1A9A /* Venues.swift */,
			);
			path = "BaasBox-iOS-SDK";
			sourceTree = "<group>";
		};
/* End PBXGroup section */

/* Begin PBXNativeTarget section */
		8416B1C61A1E016C00106879 /* Avenue */ = {
			isa = PBXNativeTarget;
			buildConfigurationList = 8416B1E91A1E016C00106879 /* Build configuration list for PBXNativeTarget "Avenue" */;
			buildPhases = (
				8416B1C31A1E016C00106879 /* Sources */,
				8416B1C41A1E016C00106879 /* Frameworks */,
				8416B1C51A1E016C00106879 /* Resources */,
				843BA5131B20A3D4002EA46A /* Embed Frameworks */,
			);
			buildRules = (
			);
			dependencies = (
			);
			name = Avenue;
			productName = "Storyboard Test";
			productReference = 8416B1C71A1E016C00106879 /* Avenue.app */;
			productType = "com.apple.product-type.application";
		};
		8416B1DE1A1E016C00106879 /* AvenueTests */ = {
			isa = PBXNativeTarget;
			buildConfigurationList = 8416B1EC1A1E016C00106879 /* Build configuration list for PBXNativeTarget "AvenueTests" */;
			buildPhases = (
				8416B1DB1A1E016C00106879 /* Sources */,
				8416B1DC1A1E016C00106879 /* Frameworks */,
				8416B1DD1A1E016C00106879 /* Resources */,
			);
			buildRules = (
			);
			dependencies = (
				84FF29E91A32FC5E00D736A7 /* PBXTargetDependency */,
			);
			name = AvenueTests;
			productName = "Storyboard TestTests";
			productReference = 8416B1DF1A1E016C00106879 /* AvenueTests.xctest */;
			productType = "com.apple.product-type.bundle.unit-test";
		};
/* End PBXNativeTarget section */

/* Begin PBXProject section */
		8416B1BF1A1E016C00106879 /* Project object */ = {
			isa = PBXProject;
			attributes = {
				LastUpgradeCheck = 0610;
				ORGANIZATIONNAME = "Neil Oliver";
				TargetAttributes = {
					8416B1C61A1E016C00106879 = {
						CreatedOnToolsVersion = 6.1.1;
						DevelopmentTeam = YDRLXFL86F;
					};
					8416B1DE1A1E016C00106879 = {
						CreatedOnToolsVersion = 6.1.1;
						TestTargetID = 8416B1C61A1E016C00106879;
					};
				};
			};
			buildConfigurationList = 8416B1C21A1E016C00106879 /* Build configuration list for PBXProject "Avenue" */;
			compatibilityVersion = "Xcode 3.2";
			developmentRegion = English;
			hasScannedForEncodings = 0;
			knownRegions = (
				en,
				Base,
			);
			mainGroup = 8416B1BE1A1E016C00106879;
			productRefGroup = 8416B1C81A1E016C00106879 /* Products */;
			projectDirPath = "";
			projectRoot = "";
			targets = (
				8416B1C61A1E016C00106879 /* Avenue */,
				8416B1DE1A1E016C00106879 /* AvenueTests */,
			);
		};
/* End PBXProject section */

/* Begin PBXResourcesBuildPhase section */
		8416B1C51A1E016C00106879 /* Resources */ = {
			isa = PBXResourcesBuildPhase;
			buildActionMask = 2147483647;
			files = (
				844E16D11ADFE0DD0057FAAD /* LaunchScreen.xib in Resources */,
				84B5E3951A24F60100F637DB /* The Fleece.gpx in Resources */,
				849C4A541B2C9221001F1A9A /* Default-568h@2x.png in Resources */,
				84444A201AF9771B00BDA347 /* ToDo in Resources */,
				840C548F1ADFDCAF00F98F29 /* Images.xcassets in Resources */,
				84C0BBE11A2FCA1F00398E45 /* Main.storyboard in Resources */,
				84B5E3941A24F60100F637DB /* Bristol Academy.gpx in Resources */,
				84444A1C1AF8D83800BDA347 /* white.jpg in Resources */,
				84B5E3961A24F60100F637DB /* Islington Academy.gpx in Resources */,
			);
			runOnlyForDeploymentPostprocessing = 0;
		};
		8416B1DD1A1E016C00106879 /* Resources */ = {
			isa = PBXResourcesBuildPhase;
			buildActionMask = 2147483647;
			files = (
			);
			runOnlyForDeploymentPostprocessing = 0;
		};
/* End PBXResourcesBuildPhase section */

/* Begin PBXSourcesBuildPhase section */
		8416B1C31A1E016C00106879 /* Sources */ = {
			isa = PBXSourcesBuildPhase;
			buildActionMask = 2147483647;
			files = (
				842A53FD1A2A92FB0031FF58 /* CloseEventSideBarVC.swift in Sources */,
				84C0BBDD1A2FBD9700398E45 /* MenuNC.swift in Sources */,
				849C0E7A1A1F741900542AAA /* ArchiveEventVC.swift in Sources */,
				849C0E6C1A1F64FF00542AAA /* ProfileVC.swift in Sources */,
				849C4A4F1B2C61D7001F1A9A /* Events.swift in Sources */,
				84B5E38D1A24F50400F637DB /* FetchData.swift in Sources */,
				849C4A4E1B2C61D7001F1A9A /* Comments.swift in Sources */,
				849C4A4B1B2C61D7001F1A9A /* BAAObject.m in Sources */,
				849C4A461B2C61D7001F1A9A /* Artists.swift in Sources */,
				849C0E741A1F659000542AAA /* GigFoundVC.swift in Sources */,
				84B240721AEC308700BBDDFA /* SingleImageVC.swift in Sources */,
				849C0E781A1F65FB00542AAA /* EventSideBarVC.swift in Sources */,
				849C4A471B2C61D7001F1A9A /* BAAClient.m in Sources */,
				84C0BBDF1A2FC7DB00398E45 /* GigNC.swift in Sources */,
				849C4A4C1B2C61D7001F1A9A /* BaasBox.m in Sources */,
				849C4A511B2C61D7001F1A9A /* LinkedVenueEvents.swift in Sources */,
				848687B31B204D9C00A2C329 /* cvProfileCell.swift in Sources */,
				842A53FF1A2A93C50031FF58 /* ArchiveEventSideBarVC.swift in Sources */,
				84A46ED91A39AFCD00EDC940 /* AltEventContentVC.swift in Sources */,
				849C0E6E1A1F651000542AAA /* GalleryVC.swift in Sources */,
				849C4A4D1B2C61D7001F1A9A /* BAAUser.m in Sources */,
				849C0E841A23828700542AAA /* MenuTBC.swift in Sources */,
				8474D2F51A37064B00CE7AC8 /* cvGalleryCell.swift in Sources */,
				84A8DE9D1B0CA47400F93F21 /* cvArchiveEventCell.swift in Sources */,
				849C0E7C1A1F777100542AAA /* ArchiveVC.swift in Sources */,
				849C4A501B2C61D7001F1A9A /* LinkedEventComments.swift in Sources */,
				849C0E721A1F655B00542AAA /* EventVC.swift in Sources */,
				849C0E761A1F65C500542AAA /* AltEventVC.swift in Sources */,
				8416B1CD1A1E016C00106879 /* AppDelegate.swift in Sources */,
				84B5E3901A24F5AC00F637DB /* Globals.swift in Sources */,
				842A543A1A2DE0C20031FF58 /* Functions.swift in Sources */,
				849C0E6A1A1F64C200542AAA /* LoginVC.swift in Sources */,
				841D8FAF1A934A700087149A /* ScanVC.swift in Sources */,
				849C4A4A1B2C61D7001F1A9A /* BAAMutableURLRequest.m in Sources */,
				849C0E811A237B5900542AAA /* OneShotLocationManager.swift in Sources */,
				847B7F5D1AE55B270071901C /* SignupVC.swift in Sources */,
				849C0E681A1F647800542AAA /* CloseEventVC.swift in Sources */,
				849C0E7E1A1F7B1900542AAA /* CloseEventDetailVC.swift in Sources */,
				84B240701AE9309D00BBDDFA /* cvEventGalleryCell.swift in Sources */,
				849C4A491B2C61D7001F1A9A /* BAAGlobals.m in Sources */,
				841D8FAD1A934A1D0087149A /* SettingsVC.swift in Sources */,
				849C4A481B2C61D7001F1A9A /* BAAFile.m in Sources */,
				849C4A521B2C61D7001F1A9A /* Venues.swift in Sources */,
			);
			runOnlyForDeploymentPostprocessing = 0;
		};
		8416B1DB1A1E016C00106879 /* Sources */ = {
			isa = PBXSourcesBuildPhase;
			buildActionMask = 2147483647;
			files = (
			);
			runOnlyForDeploymentPostprocessing = 0;
		};
/* End PBXSourcesBuildPhase section */

/* Begin PBXTargetDependency section */
		84FF29E91A32FC5E00D736A7 /* PBXTargetDependency */ = {
			isa = PBXTargetDependency;
			target = 8416B1C61A1E016C00106879 /* Avenue */;
			targetProxy = 84FF29E81A32FC5E00D736A7 /* PBXContainerItemProxy */;
		};
/* End PBXTargetDependency section */

/* Begin XCBuildConfiguration section */
		8416B1E71A1E016C00106879 /* Debug */ = {
			isa = XCBuildConfiguration;
			buildSettings = {
				ALWAYS_SEARCH_USER_PATHS = NO;
				CLANG_CXX_LANGUAGE_STANDARD = "gnu++0x";
				CLANG_CXX_LIBRARY = "libc++";
				CLANG_ENABLE_MODULES = YES;
				CLANG_ENABLE_OBJC_ARC = YES;
				CLANG_WARN_BOOL_CONVERSION = YES;
				CLANG_WARN_CONSTANT_CONVERSION = YES;
				CLANG_WARN_DIRECT_OBJC_ISA_USAGE = YES_ERROR;
				CLANG_WARN_EMPTY_BODY = YES;
				CLANG_WARN_ENUM_CONVERSION = YES;
				CLANG_WARN_INT_CONVERSION = YES;
				CLANG_WARN_OBJC_ROOT_CLASS = YES_ERROR;
				CLANG_WARN_UNREACHABLE_CODE = YES;
				CLANG_WARN__DUPLICATE_METHOD_MATCH = YES;
				"CODE_SIGN_IDENTITY[sdk=iphoneos*]" = "iPhone Developer";
				COPY_PHASE_STRIP = NO;
				ENABLE_STRICT_OBJC_MSGSEND = YES;
				GCC_C_LANGUAGE_STANDARD = gnu99;
				GCC_DYNAMIC_NO_PIC = NO;
				GCC_OPTIMIZATION_LEVEL = 0;
				GCC_PREPROCESSOR_DEFINITIONS = (
					"DEBUG=1",
					"$(inherited)",
				);
				GCC_SYMBOLS_PRIVATE_EXTERN = NO;
				GCC_WARN_64_TO_32_BIT_CONVERSION = YES;
				GCC_WARN_ABOUT_RETURN_TYPE = YES_ERROR;
				GCC_WARN_UNDECLARED_SELECTOR = YES;
				GCC_WARN_UNINITIALIZED_AUTOS = YES_AGGRESSIVE;
				GCC_WARN_UNUSED_FUNCTION = YES;
				GCC_WARN_UNUSED_VARIABLE = YES;
				IPHONEOS_DEPLOYMENT_TARGET = 8.1;
				MTL_ENABLE_DEBUG_INFO = YES;
				ONLY_ACTIVE_ARCH = YES;
				SDKROOT = iphoneos;
				SWIFT_OPTIMIZATION_LEVEL = "-Onone";
			};
			name = Debug;
		};
		8416B1E81A1E016C00106879 /* Release */ = {
			isa = XCBuildConfiguration;
			buildSettings = {
				ALWAYS_SEARCH_USER_PATHS = NO;
				CLANG_CXX_LANGUAGE_STANDARD = "gnu++0x";
				CLANG_CXX_LIBRARY = "libc++";
				CLANG_ENABLE_MODULES = YES;
				CLANG_ENABLE_OBJC_ARC = YES;
				CLANG_WARN_BOOL_CONVERSION = YES;
				CLANG_WARN_CONSTANT_CONVERSION = YES;
				CLANG_WARN_DIRECT_OBJC_ISA_USAGE = YES_ERROR;
				CLANG_WARN_EMPTY_BODY = YES;
				CLANG_WARN_ENUM_CONVERSION = YES;
				CLANG_WARN_INT_CONVERSION = YES;
				CLANG_WARN_OBJC_ROOT_CLASS = YES_ERROR;
				CLANG_WARN_UNREACHABLE_CODE = YES;
				CLANG_WARN__DUPLICATE_METHOD_MATCH = YES;
				"CODE_SIGN_IDENTITY[sdk=iphoneos*]" = "iPhone Developer";
				COPY_PHASE_STRIP = YES;
				ENABLE_NS_ASSERTIONS = NO;
				ENABLE_STRICT_OBJC_MSGSEND = YES;
				GCC_C_LANGUAGE_STANDARD = gnu99;
				GCC_WARN_64_TO_32_BIT_CONVERSION = YES;
				GCC_WARN_ABOUT_RETURN_TYPE = YES_ERROR;
				GCC_WARN_UNDECLARED_SELECTOR = YES;
				GCC_WARN_UNINITIALIZED_AUTOS = YES_AGGRESSIVE;
				GCC_WARN_UNUSED_FUNCTION = YES;
				GCC_WARN_UNUSED_VARIABLE = YES;
				IPHONEOS_DEPLOYMENT_TARGET = 8.1;
				MTL_ENABLE_DEBUG_INFO = NO;
				SDKROOT = iphoneos;
				VALIDATE_PRODUCT = YES;
			};
			name = Release;
		};
		8416B1EA1A1E016C00106879 /* Debug */ = {
			isa = XCBuildConfiguration;
			buildSettings = {
				ASSETCATALOG_COMPILER_APPICON_NAME = AppIcon;
				CLANG_ENABLE_MODULES = YES;
				CODE_SIGN_IDENTITY = "iPhone Developer";
				FRAMEWORK_SEARCH_PATHS = "";
				INFOPLIST_FILE = "Storyboard Test/Info.plist";
				IPHONEOS_DEPLOYMENT_TARGET = 8.0;
				LD_RUNPATH_SEARCH_PATHS = "$(inherited) @executable_path/Frameworks";
				PRODUCT_NAME = Avenue;
				SWIFT_INSTALL_OBJC_HEADER = YES;
				SWIFT_OBJC_BRIDGING_HEADER = "/Users/Admin/Documents/Programming/avenue-ios/Storyboard Test/BaasBox-iOS-SDK/Bridging-Header.h";
				SWIFT_OPTIMIZATION_LEVEL = "-Onone";
				TARGETED_DEVICE_FAMILY = 1;
				VERSIONING_SYSTEM = "apple-generic";
			};
			name = Debug;
		};
		8416B1EB1A1E016C00106879 /* Release */ = {
			isa = XCBuildConfiguration;
			buildSettings = {
				ASSETCATALOG_COMPILER_APPICON_NAME = AppIcon;
				CLANG_ENABLE_MODULES = YES;
				CODE_SIGN_IDENTITY = "iPhone Developer";
				FRAMEWORK_SEARCH_PATHS = "";
				INFOPLIST_FILE = "Storyboard Test/Info.plist";
				IPHONEOS_DEPLOYMENT_TARGET = 8.0;
				LD_RUNPATH_SEARCH_PATHS = "$(inherited) @executable_path/Frameworks";
				PRODUCT_NAME = Avenue;
				SWIFT_INSTALL_OBJC_HEADER = YES;
				SWIFT_OBJC_BRIDGING_HEADER = "/Users/Admin/Documents/Programming/avenue-ios/Storyboard Test/BaasBox-iOS-SDK/Bridging-Header.h";
				TARGETED_DEVICE_FAMILY = 1;
				VERSIONING_SYSTEM = "apple-generic";
			};
			name = Release;
		};
		8416B1ED1A1E016C00106879 /* Debug */ = {
			isa = XCBuildConfiguration;
			buildSettings = {
				BUNDLE_LOADER = "$(TEST_HOST)";
				FRAMEWORK_SEARCH_PATHS = (
					"$(SDKROOT)/Developer/Library/Frameworks",
					"$(inherited)",
				);
				GCC_PREPROCESSOR_DEFINITIONS = (
					"DEBUG=1",
					"$(inherited)",
				);
				INFOPLIST_FILE = "Storyboard TestTests/Info.plist";
				LD_RUNPATH_SEARCH_PATHS = "$(inherited) @executable_path/Frameworks @loader_path/Frameworks";
				PRODUCT_NAME = AvenueTests;
				TEST_HOST = "$(BUILT_PRODUCTS_DIR)/Avenue.app/Avenue";
			};
			name = Debug;
		};
		8416B1EE1A1E016C00106879 /* Release */ = {
			isa = XCBuildConfiguration;
			buildSettings = {
				BUNDLE_LOADER = "$(TEST_HOST)";
				FRAMEWORK_SEARCH_PATHS = (
					"$(SDKROOT)/Developer/Library/Frameworks",
					"$(inherited)",
				);
				INFOPLIST_FILE = "Storyboard TestTests/Info.plist";
				LD_RUNPATH_SEARCH_PATHS = "$(inherited) @executable_path/Frameworks @loader_path/Frameworks";
				PRODUCT_NAME = AvenueTests;
				TEST_HOST = "$(BUILT_PRODUCTS_DIR)/Avenue.app/Avenue";
			};
			name = Release;
		};
/* End XCBuildConfiguration section */

/* Begin XCConfigurationList section */
		8416B1C21A1E016C00106879 /* Build configuration list for PBXProject "Avenue" */ = {
			isa = XCConfigurationList;
			buildConfigurations = (
				8416B1E71A1E016C00106879 /* Debug */,
				8416B1E81A1E016C00106879 /* Release */,
			);
			defaultConfigurationIsVisible = 0;
			defaultConfigurationName = Release;
		};
		8416B1E91A1E016C00106879 /* Build configuration list for PBXNativeTarget "Avenue" */ = {
			isa = XCConfigurationList;
			buildConfigurations = (
				8416B1EA1A1E016C00106879 /* Debug */,
				8416B1EB1A1E016C00106879 /* Release */,
			);
			defaultConfigurationIsVisible = 0;
			defaultConfigurationName = Release;
		};
		8416B1EC1A1E016C00106879 /* Build configuration list for PBXNativeTarget "AvenueTests" */ = {
			isa = XCConfigurationList;
			buildConfigurations = (
				8416B1ED1A1E016C00106879 /* Debug */,
				8416B1EE1A1E016C00106879 /* Release */,
			);
			defaultConfigurationIsVisible = 0;
			defaultConfigurationName = Release;
		};
/* End XCConfigurationList section */
	};
	rootObject = 8416B1BF1A1E016C00106879 /* Project object */;
}
